
Microsoft Visual Studio Solution File, Format Version 12.00
# Visual Studio Version 17
VisualStudioVersion = 17.9.34728.123
MinimumVisualStudioVersion = 10.0.40219.1
Project("{FAE04EC0-301F-11D3-BF4B-00C04F79EFBC}") = "Homelessness", "Homelessness\Homelessness.csproj", "{27BA734E-A7DF-4819-AC46-D81EFEE646CD}"
EndProject
Global
	GlobalSection(SolutionConfigurationPlatforms) = preSolution
		Debug|Any CPU = Debug|Any CPU
		Release|Any CPU = Release|Any CPU
	EndGlobalSection
	GlobalSection(ProjectConfigurationPlatforms) = postSolution
		{27BA734E-A7DF-4819-AC46-D81EFEE646CD}.Debug|Any CPU.ActiveCfg = Debug|Any CPU
		{27BA734E-A7DF-4819-AC46-D81EFEE646CD}.Debug|Any CPU.Build.0 = Debug|Any CPU
		{27BA734E-A7DF-4819-AC46-D81EFEE646CD}.Release|Any CPU.ActiveCfg = Release|Any CPU
		{27BA734E-A7DF-4819-AC46-D81EFEE646CD}.Release|Any CPU.Build.0 = Release|Any CPU
	EndGlobalSection
	GlobalSection(SolutionProperties) = preSolution
		HideSolutionNode = FALSE
	EndGlobalSection
	GlobalSection(ExtensibilityGlobals) = postSolution
		SolutionGuid = {6A42F4E5-FA55-4001-BBD2-175C2AC39829}
	EndGlobalSection
EndGlobal
